
Microsoft Visual Studio Solution File, Format Version 12.00
# Visual Studio Version 16
VisualStudioVersion = 16.0.31624.102
MinimumVisualStudioVersion = 10.0.40219.1
Project("{FAE04EC0-301F-11D3-BF4B-00C04F79EFBC}") = "MeroKitab", "MeroKitab.csproj", "{9F16593A-23BD-482D-BE87-F00B8C12EE7A}"
EndProject
Project("{FAE04EC0-301F-11D3-BF4B-00C04F79EFBC}") = "BusinessObject", "..\BusinessObject\BusinessObject.csproj", "{2237DBB4-D74D-4E65-B802-F365555CF803}"
EndProject
Project("{FAE04EC0-301F-11D3-BF4B-00C04F79EFBC}") = "BusinessLogic", "..\BusinessLogic\BusinessLogic.csproj", "{A21D4795-604D-4547-9652-33DD69E160F1}"
EndProject
Project("{FAE04EC0-301F-11D3-BF4B-00C04F79EFBC}") = "DataAccess", "..\DataAccess\DataAccess.csproj", "{392EF111-D703-44AB-AE9C-75987C8B7DC3}"
EndProject
Global
	GlobalSection(SolutionConfigurationPlatforms) = preSolution
		Debug|Any CPU = Debug|Any CPU
		Release|Any CPU = Release|Any CPU
	EndGlobalSection
	GlobalSection(ProjectConfigurationPlatforms) = postSolution
		{9F16593A-23BD-482D-BE87-F00B8C12EE7A}.Debug|Any CPU.ActiveCfg = Debug|Any CPU
		{9F16593A-23BD-482D-BE87-F00B8C12EE7A}.Debug|Any CPU.Build.0 = Debug|Any CPU
		{9F16593A-23BD-482D-BE87-F00B8C12EE7A}.Release|Any CPU.ActiveCfg = Release|Any CPU
		{9F16593A-23BD-482D-BE87-F00B8C12EE7A}.Release|Any CPU.Build.0 = Release|Any CPU
		{2237DBB4-D74D-4E65-B802-F365555CF803}.Debug|Any CPU.ActiveCfg = Debug|Any CPU
		{2237DBB4-D74D-4E65-B802-F365555CF803}.Debug|Any CPU.Build.0 = Debug|Any CPU
		{2237DBB4-D74D-4E65-B802-F365555CF803}.Release|Any CPU.ActiveCfg = Release|Any CPU
		{2237DBB4-D74D-4E65-B802-F365555CF803}.Release|Any CPU.Build.0 = Release|Any CPU
		{A21D4795-604D-4547-9652-33DD69E160F1}.Debug|Any CPU.ActiveCfg = Debug|Any CPU
		{A21D4795-604D-4547-9652-33DD69E160F1}.Debug|Any CPU.Build.0 = Debug|Any CPU
		{A21D4795-604D-4547-9652-33DD69E160F1}.Release|Any CPU.ActiveCfg = Release|Any CPU
		{A21D4795-604D-4547-9652-33DD69E160F1}.Release|Any CPU.Build.0 = Release|Any CPU
		{392EF111-D703-44AB-AE9C-75987C8B7DC3}.Debug|Any CPU.ActiveCfg = Debug|Any CPU
		{392EF111-D703-44AB-AE9C-75987C8B7DC3}.Debug|Any CPU.Build.0 = Debug|Any CPU
		{392EF111-D703-44AB-AE9C-75987C8B7DC3}.Release|Any CPU.ActiveCfg = Release|Any CPU
		{392EF111-D703-44AB-AE9C-75987C8B7DC3}.Release|Any CPU.Build.0 = Release|Any CPU
	EndGlobalSection
	GlobalSection(SolutionProperties) = preSolution
		HideSolutionNode = FALSE
	EndGlobalSection
	GlobalSection(ExtensibilityGlobals) = postSolution
		SolutionGuid = {679B7E76-E424-4C93-8F94-7A9E1691A666}
	EndGlobalSection
EndGlobal
